
Microsoft Visual Studio Solution File, Format Version 12.00
# Visual Studio Version 17
VisualStudioVersion = 17.14.36414.22
MinimumVisualStudioVersion = 10.0.40219.1
Project("{FAE04EC0-301F-11D3-BF4B-00C04F79EFBC}") = "VpnHood.Core.Proxies", "VpnHood.Core.Proxies\VpnHood.Core.Proxies.csproj", "{FD8E4DC6-CB9D-9AC2-019D-55AF998BA92D}"
EndProject
Project("{FAE04EC0-301F-11D3-BF4B-00C04F79EFBC}") = "VpnHood.Core.Proxies.Test", "VpnHood.Core.Proxies.Test\VpnHood.Core.Proxies.Test.csproj", "{B01617EC-1CA2-478A-B800-24D98402E0A9}"
EndProject
Project("{FAE04EC0-301F-11D3-BF4B-00C04F79EFBC}") = "VpnHood.Core.Proxies.ServerApp", "VpnHood.Core.Proxies.ServerApp\VpnHood.Core.Proxies.ServerApp.csproj", "{B59ED0E2-2246-EBC4-C1A4-2B7761256745}"
EndProject
Project("{FAE04EC0-301F-11D3-BF4B-00C04F79EFBC}") = "VpnHood.Core.Proxies.ClientApp", "VpnHood.Core.Proxies.ClientApp\VpnHood.Core.Proxies.ClientApp.csproj", "{16D60DF7-B1E3-4E63-C245-B51A77B076FF}"
EndProject
Project("{2150E333-8FDC-42A3-9474-1A3956D46DE8}") = "Pub", "Pub", "{02EA681E-C7D8-13C7-8484-4AC65E1B71E8}"
	ProjectSection(SolutionItems) = preProject
		README.md = README.md
		USAGE.md = USAGE.md
	EndProjectSection
EndProject
Global
	GlobalSection(SolutionConfigurationPlatforms) = preSolution
		Debug|Any CPU = Debug|Any CPU
		Release|Any CPU = Release|Any CPU
	EndGlobalSection
	GlobalSection(ProjectConfigurationPlatforms) = postSolution
		{FD8E4DC6-CB9D-9AC2-019D-55AF998BA92D}.Debug|Any CPU.ActiveCfg = Debug|Any CPU
		{FD8E4DC6-CB9D-9AC2-019D-55AF998BA92D}.Debug|Any CPU.Build.0 = Debug|Any CPU
		{FD8E4DC6-CB9D-9AC2-019D-55AF998BA92D}.Release|Any CPU.ActiveCfg = Release|Any CPU
		{FD8E4DC6-CB9D-9AC2-019D-55AF998BA92D}.Release|Any CPU.Build.0 = Release|Any CPU
		{B01617EC-1CA2-478A-B800-24D98402E0A9}.Debug|Any CPU.ActiveCfg = Debug|Any CPU
		{B01617EC-1CA2-478A-B800-24D98402E0A9}.Debug|Any CPU.Build.0 = Debug|Any CPU
		{B01617EC-1CA2-478A-B800-24D98402E0A9}.Release|Any CPU.ActiveCfg = Release|Any CPU
		{B01617EC-1CA2-478A-B800-24D98402E0A9}.Release|Any CPU.Build.0 = Release|Any CPU
		{B59ED0E2-2246-EBC4-C1A4-2B7761256745}.Debug|Any CPU.ActiveCfg = Debug|Any CPU
		{B59ED0E2-2246-EBC4-C1A4-2B7761256745}.Debug|Any CPU.Build.0 = Debug|Any CPU
		{B59ED0E2-2246-EBC4-C1A4-2B7761256745}.Release|Any CPU.ActiveCfg = Release|Any CPU
		{B59ED0E2-2246-EBC4-C1A4-2B7761256745}.Release|Any CPU.Build.0 = Release|Any CPU
		{16D60DF7-B1E3-4E63-C245-B51A77B076FF}.Debug|Any CPU.ActiveCfg = Debug|Any CPU
		{16D60DF7-B1E3-4E63-C245-B51A77B076FF}.Debug|Any CPU.Build.0 = Debug|Any CPU
		{16D60DF7-B1E3-4E63-C245-B51A77B076FF}.Release|Any CPU.ActiveCfg = Release|Any CPU
		{16D60DF7-B1E3-4E63-C245-B51A77B076FF}.Release|Any CPU.Build.0 = Release|Any CPU
	EndGlobalSection
	GlobalSection(SolutionProperties) = preSolution
		HideSolutionNode = FALSE
	EndGlobalSection
	GlobalSection(ExtensibilityGlobals) = postSolution
		SolutionGuid = {DA92EF29-F80C-4E52-BADF-C0E7C45F0E34}
	EndGlobalSection
EndGlobal
